
Microsoft Visual Studio Solution File, Format Version 12.00
# Visual Studio Version 16
VisualStudioVersion = 16.0.32228.343
MinimumVisualStudioVersion = 10.0.40219.1
Project("{2150E333-8FDC-42A3-9474-1A3956D46DE8}") = "Services", "Services", "{E8186865-2CBC-4825-B40D-CE531FC842DC}"
EndProject
Project("{2150E333-8FDC-42A3-9474-1A3956D46DE8}") = "Catalog", "Catalog", "{8D9A2FAC-87B4-446E-9F00-DF5F142F8861}"
EndProject
Project("{9A19103F-16F7-4668-BE54-9A1E7A4F7556}") = "Catalog.API", "Services\Catalog\Catalog.API\Catalog.API.csproj", "{D1231AAF-DCDD-424D-B40E-2D6B01EB668C}"
EndProject
Project("{E53339B2-1760-4266-BCC7-CA923CBCF16C}") = "docker-compose", "docker-compose.dcproj", "{E48459FC-0D33-4887-BA6A-752BBACB4CF5}"
EndProject
Project("{2150E333-8FDC-42A3-9474-1A3956D46DE8}") = "Basket", "Basket", "{81A569B6-ED2D-4767-84E0-AD7310F36F76}"
EndProject
Project("{9A19103F-16F7-4668-BE54-9A1E7A4F7556}") = "Basket.API", "Services\Basket\Basket.API\Basket.API.csproj", "{82E29744-720B-4F9A-9235-14595C7B6BEC}"
EndProject
Project("{2150E333-8FDC-42A3-9474-1A3956D46DE8}") = "Discount", "Discount", "{D80D84D4-BCE1-46CA-80DD-551BA41221EC}"
EndProject
Project("{9A19103F-16F7-4668-BE54-9A1E7A4F7556}") = "Discount.API", "Services\Discount\Discount.API\Discount.API.csproj", "{FE041517-8854-4347-949A-539CE8CDDDDA}"
EndProject
Project("{9A19103F-16F7-4668-BE54-9A1E7A4F7556}") = "Discount.Grpc", "Services\Discount\Discount.Grpc\Discount.Grpc.csproj", "{38648089-9E1F-4A0C-9BDE-F0E628A24282}"
EndProject
Project("{2150E333-8FDC-42A3-9474-1A3956D46DE8}") = "Ordering", "Ordering", "{47568887-2E21-4548-9528-51D268EA1088}"
EndProject
Project("{FAE04EC0-301F-11D3-BF4B-00C04F79EFBC}") = "Ordering.API", "Services\Ordering\Ordering.API\Ordering.API.csproj", "{AAF36CD0-C740-4595-A502-72CFF6D17220}"
EndProject
Global
	GlobalSection(SolutionConfigurationPlatforms) = preSolution
		Debug|Any CPU = Debug|Any CPU
		Release|Any CPU = Release|Any CPU
	EndGlobalSection
	GlobalSection(ProjectConfigurationPlatforms) = postSolution
		{D1231AAF-DCDD-424D-B40E-2D6B01EB668C}.Debug|Any CPU.ActiveCfg = Debug|Any CPU
		{D1231AAF-DCDD-424D-B40E-2D6B01EB668C}.Debug|Any CPU.Build.0 = Debug|Any CPU
		{D1231AAF-DCDD-424D-B40E-2D6B01EB668C}.Release|Any CPU.ActiveCfg = Release|Any CPU
		{D1231AAF-DCDD-424D-B40E-2D6B01EB668C}.Release|Any CPU.Build.0 = Release|Any CPU
		{E48459FC-0D33-4887-BA6A-752BBACB4CF5}.Debug|Any CPU.ActiveCfg = Debug|Any CPU
		{E48459FC-0D33-4887-BA6A-752BBACB4CF5}.Debug|Any CPU.Build.0 = Debug|Any CPU
		{E48459FC-0D33-4887-BA6A-752BBACB4CF5}.Release|Any CPU.ActiveCfg = Release|Any CPU
		{E48459FC-0D33-4887-BA6A-752BBACB4CF5}.Release|Any CPU.Build.0 = Release|Any CPU
		{82E29744-720B-4F9A-9235-14595C7B6BEC}.Debug|Any CPU.ActiveCfg = Debug|Any CPU
		{82E29744-720B-4F9A-9235-14595C7B6BEC}.Debug|Any CPU.Build.0 = Debug|Any CPU
		{82E29744-720B-4F9A-9235-14595C7B6BEC}.Release|Any CPU.ActiveCfg = Release|Any CPU
		{82E29744-720B-4F9A-9235-14595C7B6BEC}.Release|Any CPU.Build.0 = Release|Any CPU
		{FE041517-8854-4347-949A-539CE8CDDDDA}.Debug|Any CPU.ActiveCfg = Debug|Any CPU
		{FE041517-8854-4347-949A-539CE8CDDDDA}.Debug|Any CPU.Build.0 = Debug|Any CPU
		{FE041517-8854-4347-949A-539CE8CDDDDA}.Release|Any CPU.ActiveCfg = Release|Any CPU
		{FE041517-8854-4347-949A-539CE8CDDDDA}.Release|Any CPU.Build.0 = Release|Any CPU
		{38648089-9E1F-4A0C-9BDE-F0E628A24282}.Debug|Any CPU.ActiveCfg = Debug|Any CPU
		{38648089-9E1F-4A0C-9BDE-F0E628A24282}.Debug|Any CPU.Build.0 = Debug|Any CPU
		{38648089-9E1F-4A0C-9BDE-F0E628A24282}.Release|Any CPU.ActiveCfg = Release|Any CPU
		{38648089-9E1F-4A0C-9BDE-F0E628A24282}.Release|Any CPU.Build.0 = Release|Any CPU
		{AAF36CD0-C740-4595-A502-72CFF6D17220}.Debug|Any CPU.ActiveCfg = Debug|Any CPU
		{AAF36CD0-C740-4595-A502-72CFF6D17220}.Debug|Any CPU.Build.0 = Debug|Any CPU
		{AAF36CD0-C740-4595-A502-72CFF6D17220}.Release|Any CPU.ActiveCfg = Release|Any CPU
		{AAF36CD0-C740-4595-A502-72CFF6D17220}.Release|Any CPU.Build.0 = Release|Any CPU
	EndGlobalSection
	GlobalSection(SolutionProperties) = preSolution
		HideSolutionNode = FALSE
	EndGlobalSection
	GlobalSection(NestedProjects) = preSolution
		{8D9A2FAC-87B4-446E-9F00-DF5F142F8861} = {E8186865-2CBC-4825-B40D-CE531FC842DC}
		{D1231AAF-DCDD-424D-B40E-2D6B01EB668C} = {8D9A2FAC-87B4-446E-9F00-DF5F142F8861}
		{81A569B6-ED2D-4767-84E0-AD7310F36F76} = {E8186865-2CBC-4825-B40D-CE531FC842DC}
		{82E29744-720B-4F9A-9235-14595C7B6BEC} = {81A569B6-ED2D-4767-84E0-AD7310F36F76}
		{D80D84D4-BCE1-46CA-80DD-551BA41221EC} = {E8186865-2CBC-4825-B40D-CE531FC842DC}
		{FE041517-8854-4347-949A-539CE8CDDDDA} = {D80D84D4-BCE1-46CA-80DD-551BA41221EC}
		{38648089-9E1F-4A0C-9BDE-F0E628A24282} = {D80D84D4-BCE1-46CA-80DD-551BA41221EC}
		{47568887-2E21-4548-9528-51D268EA1088} = {E8186865-2CBC-4825-B40D-CE531FC842DC}
		{AAF36CD0-C740-4595-A502-72CFF6D17220} = {47568887-2E21-4548-9528-51D268EA1088}
	EndGlobalSection
	GlobalSection(ExtensibilityGlobals) = postSolution
		SolutionGuid = {D84C01B3-6D74-4BC9-B4F6-6E337E215A19}
	EndGlobalSection
EndGlobal
